
Microsoft Visual Studio Solution File, Format Version 12.00
# Visual Studio 15
VisualStudioVersion = 15.0.28307.271
MinimumVisualStudioVersion = 10.0.40219.1
Project("{FAE04EC0-301F-11D3-BF4B-00C04F79EFBC}") = "para-client-csharp-net-core", "para-client-csharp-net-core\para-client-csharp-net-core.csproj", "{756226DE-CCC4-40F6-AAB2-61AA8F70ADE1}"
EndProject
Project("{FAE04EC0-301F-11D3-BF4B-00C04F79EFBC}") = "para-client-csharp-net-core-tests", "para-client-csharp-net-core-tests\para-client-csharp-net-core-tests.csproj", "{5256F247-EFB7-4660-918C-A3FA036BBCEA}"
EndProject
Global
	GlobalSection(SolutionConfigurationPlatforms) = preSolution
		Debug|Any CPU = Debug|Any CPU
		Release|Any CPU = Release|Any CPU
	EndGlobalSection
	GlobalSection(ProjectConfigurationPlatforms) = postSolution
		{756226DE-CCC4-40F6-AAB2-61AA8F70ADE1}.Debug|Any CPU.ActiveCfg = Debug|Any CPU
		{756226DE-CCC4-40F6-AAB2-61AA8F70ADE1}.Debug|Any CPU.Build.0 = Debug|Any CPU
		{756226DE-CCC4-40F6-AAB2-61AA8F70ADE1}.Release|Any CPU.ActiveCfg = Release|Any CPU
		{756226DE-CCC4-40F6-AAB2-61AA8F70ADE1}.Release|Any CPU.Build.0 = Release|Any CPU
		{5256F247-EFB7-4660-918C-A3FA036BBCEA}.Debug|Any CPU.ActiveCfg = Debug|Any CPU
		{5256F247-EFB7-4660-918C-A3FA036BBCEA}.Debug|Any CPU.Build.0 = Debug|Any CPU
		{5256F247-EFB7-4660-918C-A3FA036BBCEA}.Release|Any CPU.ActiveCfg = Release|Any CPU
		{5256F247-EFB7-4660-918C-A3FA036BBCEA}.Release|Any CPU.Build.0 = Release|Any CPU
	EndGlobalSection
	GlobalSection(SolutionProperties) = preSolution
		HideSolutionNode = FALSE
	EndGlobalSection
	GlobalSection(ExtensibilityGlobals) = postSolution
		SolutionGuid = {D9AB816E-CCB4-40AE-9F60-16FA224B722E}
	EndGlobalSection
	GlobalSection(MonoDevelopProperties) = preSolution
		Policies = $0
		$0.DotNetNamingPolicy = $1
		$1.DirectoryNamespaceAssociation = None
		$1.ResourceNamePolicy = FileFormatDefault
		$0.TextStylePolicy = $2
		$2.FileWidth = 120
		$2.inheritsSet = VisualStudio
		$2.inheritsScope = text/plain
		$2.scope = text/plain
	EndGlobalSection
EndGlobal
